# THIS IS AN AUTOGENERATED FILE. DO NOT EDIT THIS FILE DIRECTLY.
# yarn lockfile v1


"@angular/animations@^7.2.8":
  version "7.2.8"
  resolved "https://registry.yarnpkg.com/@angular/animations/-/animations-7.2.8.tgz#0285364c839c660a934ab0f753ec21424bfb292e"
  integrity sha512-dJn9koYukyz15TouBc+z5z9fdThDk+bKgdlij25eYSu5Mpmtk04gB4eIMQA97K0UDh1d4YukgSJ5w3ZIk0m8DQ==
  dependencies:
    tslib "^1.9.0"

"@angular/cdk@^7.3.3":
  version "7.3.3"
  resolved "https://registry.yarnpkg.com/@angular/cdk/-/cdk-7.3.3.tgz#02a2ad248141cd9968a5950ce0602da3fcf5445b"
  integrity sha512-0M3nwq+c9+d+p0XeU12I9djutlsajRrxcu7AvHQXUs/5grYFsXsX0f468qXDiKmcgqGUBNtN2fBOUhGNlispuQ==
  dependencies:
    tslib "^1.7.1"
  optionalDependencies:
    parse5 "^5.0.0"

"@angular/material@^7.3.3":
  version "7.3.3"
  resolved "https://registry.yarnpkg.com/@angular/material/-/material-7.3.3.tgz#f3f87fa90c685cfad0b6974489c69d2676199052"
  integrity sha512-DZdJaVpXsd5QlfpN5P871llw8AKh5QvRiyro3QRmEajYN85Xiawqpbt7O60TrwcFM6DzYLI3UeyWq8LFdmi/+Q==
  dependencies:
    tslib "^1.7.1"

parse5@^5.0.0:
  version "5.1.0"
  resolved "https://registry.yarnpkg.com/parse5/-/parse5-5.1.0.tgz#c59341c9723f414c452975564c7c00a68d58acd2"
  integrity sha512-fxNG2sQjHvlVAYmzBZS9YlDp6PTSSDwa98vkD4QgVDDCAo84z5X1t5XyJQ62ImdLXx5NdIIfihey6xpum9/gRQ==

tslib@^1.7.1, tslib@^1.9.0:
  version "1.9.3"
  resolved "https://registry.yarnpkg.com/tslib/-/tslib-1.9.3.tgz#d7e4dd79245d85428c4d7e4822a79917954ca286"
  integrity sha512-4krF8scpejhaOgqzBEcGM7yDIEfi0/8+8zDRZhNZZ2kjmHJ4hv3zCbQWxoJGz1iw5U0Jl0nma13xzHXcncMavQ==
